// !$*UTF8*$!
{
	archiveVersion = 1;
	classes = {
	};
	objectVersion = 56;
	objects = {

/* Begin PBXBuildFile section */
		F70FE7E92C6D3823007E6442 /* SettingsVC.swift in Sources */ = {isa = PBXBuildFile; fileRef = F70FE7E82C6D3823007E6442 /* SettingsVC.swift */; };
		F722AAB62C6B724D00A52244 /* AppDelegate.swift in Sources */ = {isa = PBXBuildFile; fileRef = F722AAB52C6B724D00A52244 /* AppDelegate.swift */; };
		F722AAB82C6B724D00A52244 /* SceneDelegate.swift in Sources */ = {isa = PBXBuildFile; fileRef = F722AAB72C6B724D00A52244 /* SceneDelegate.swift */; };
		F722AABA2C6B724D00A52244 /* HomeVC.swift in Sources */ = {isa = PBXBuildFile; fileRef = F722AAB92C6B724D00A52244 /* HomeVC.swift */; };
		F722AABF2C6B724F00A52244 /* Assets.xcassets in Resources */ = {isa = PBXBuildFile; fileRef = F722AABE2C6B724F00A52244 /* Assets.xcassets */; };
		F722AAC22C6B724F00A52244 /* Base in Resources */ = {isa = PBXBuildFile; fileRef = F722AAC12C6B724F00A52244 /* Base */; };
		F722AACA2C6B75B800A52244 /* TableVC.swift in Sources */ = {isa = PBXBuildFile; fileRef = F722AAC92C6B75B800A52244 /* TableVC.swift */; };
		F722AACE2C6BE3E900A52244 /* TableViewCell.swift in Sources */ = {isa = PBXBuildFile; fileRef = F722AACD2C6BE3E900A52244 /* TableViewCell.swift */; };
		F74AFDCE2C70D35100BC9756 /* PreviewVC.swift in Sources */ = {isa = PBXBuildFile; fileRef = F74AFDCD2C70D35100BC9756 /* PreviewVC.swift */; };
		F793964D2C6CD7DF005241DF /* TabBarController.swift in Sources */ = {isa = PBXBuildFile; fileRef = F793964C2C6CD7DF005241DF /* TabBarController.swift */; };
		F793964F2C6CE366005241DF /* PrivacyInfo.xcprivacy in Resources */ = {isa = PBXBuildFile; fileRef = F793964E2C6CE366005241DF /* PrivacyInfo.xcprivacy */; };
		F7B790F82C6E04DA00577852 /* PageVC.swift in Sources */ = {isa = PBXBuildFile; fileRef = F7B790F72C6E04DA00577852 /* PageVC.swift */; };
		F7B790FA2C6E04FF00577852 /* FirstPageVC.swift in Sources */ = {isa = PBXBuildFile; fileRef = F7B790F92C6E04FF00577852 /* FirstPageVC.swift */; };
		F7B790FC2C6E050C00577852 /* SecondPageVC.swift in Sources */ = {isa = PBXBuildFile; fileRef = F7B790FB2C6E050C00577852 /* SecondPageVC.swift */; };
		F7B790FE2C6E051E00577852 /* ThirdPageVC.swift in Sources */ = {isa = PBXBuildFile; fileRef = F7B790FD2C6E051E00577852 /* ThirdPageVC.swift */; };
/* End PBXBuildFile section */

/* Begin PBXFileReference section */
		F70FE7E82C6D3823007E6442 /* SettingsVC.swift */ = {isa = PBXFileReference; lastKnownFileType = sourcecode.swift; path = SettingsVC.swift; sourceTree = "<group>"; };
		F722AAB22C6B724D00A52244 /* UIKit ftw.app */ = {isa = PBXFileReference; explicitFileType = wrapper.application; includeInIndex = 0; path = "UIKit ftw.app"; sourceTree = BUILT_PRODUCTS_DIR; };
		F722AAB52C6B724D00A52244 /* AppDelegate.swift */ = {isa = PBXFileReference; lastKnownFileType = sourcecode.swift; path = AppDelegate.swift; sourceTree = "<group>"; };
		F722AAB72C6B724D00A52244 /* SceneDelegate.swift */ = {isa = PBXFileReference; lastKnownFileType = sourcecode.swift; path = SceneDelegate.swift; sourceTree = "<group>"; };
		F722AAB92C6B724D00A52244 /* HomeVC.swift */ = {isa = PBXFileReference; lastKnownFileType = sourcecode.swift; path = HomeVC.swift; sourceTree = "<group>"; };
		F722AABE2C6B724F00A52244 /* Assets.xcassets */ = {isa = PBXFileReference; lastKnownFileType = folder.assetcatalog; path = Assets.xcassets; sourceTree = "<group>"; };
		F722AAC12C6B724F00A52244 /* Base */ = {isa = PBXFileReference; lastKnownFileType = file.storyboard; name = Base; path = Base.lproj/LaunchScreen.storyboard; sourceTree = "<group>"; };
		F722AAC32C6B724F00A52244 /* Info.plist */ = {isa = PBXFileReference; lastKnownFileType = text.plist.xml; path = Info.plist; sourceTree = "<group>"; };
		F722AAC92C6B75B800A52244 /* TableVC.swift */ = {isa = PBXFileReference; lastKnownFileType = sourcecode.swift; path = TableVC.swift; sourceTree = "<group>"; };
		F722AACD2C6BE3E900A52244 /* TableViewCell.swift */ = {isa = PBXFileReference; lastKnownFileType = sourcecode.swift; path = TableViewCell.swift; sourceTree = "<group>"; };
		F74AFDCD2C70D35100BC9756 /* PreviewVC.swift */ = {isa = PBXFileReference; lastKnownFileType = sourcecode.swift; path = PreviewVC.swift; sourceTree = "<group>"; };
		F793964C2C6CD7DF005241DF /* TabBarController.swift */ = {isa = PBXFileReference; lastKnownFileType = sourcecode.swift; path = TabBarController.swift; sourceTree = "<group>"; };
		F793964E2C6CE366005241DF /* PrivacyInfo.xcprivacy */ = {isa = PBXFileReference; fileEncoding = 4; lastKnownFileType = text.xml; path = PrivacyInfo.xcprivacy; sourceTree = "<group>"; };
		F7B790F72C6E04DA00577852 /* PageVC.swift */ = {isa = PBXFileReference; lastKnownFileType = sourcecode.swift; path = PageVC.swift; sourceTree = "<group>"; };
		F7B790F92C6E04FF00577852 /* FirstPageVC.swift */ = {isa = PBXFileReference; lastKnownFileType = sourcecode.swift; path = FirstPageVC.swift; sourceTree = "<group>"; };
		F7B790FB2C6E050C00577852 /* SecondPageVC.swift */ = {isa = PBXFileReference; lastKnownFileType = sourcecode.swift; path = SecondPageVC.swift; sourceTree = "<group>"; };
		F7B790FD2C6E051E00577852 /* ThirdPageVC.swift */ = {isa = PBXFileReference; lastKnownFileType = sourcecode.swift; path = ThirdPageVC.swift; sourceTree = "<group>"; };
/* End PBXFileReference section */

/* Begin PBXFrameworksBuildPhase section */
		F722AAAF2C6B724D00A52244 /* Frameworks */ = {
			isa = PBXFrameworksBuildPhase;
			buildActionMask = 2147483647;
			files = (
			);
			runOnlyForDeploymentPostprocessing = 0;
		};
/* End PBXFrameworksBuildPhase section */

/* Begin PBXGroup section */
		F722AAA92C6B724D00A52244 = {
			isa = PBXGroup;
			children = (
				F722AAB42C6B724D00A52244 /* UIKit ftw */,
				F722AAB32C6B724D00A52244 /* Products */,
			);
			sourceTree = "<group>";
		};
		F722AAB32C6B724D00A52244 /* Products */ = {
			isa = PBXGroup;
			children = (
				F722AAB22C6B724D00A52244 /* UIKit ftw.app */,
			);
			name = Products;
			sourceTree = "<group>";
		};
		F722AAB42C6B724D00A52244 /* UIKit ftw */ = {
			isa = PBXGroup;
			children = (
				F74AFDCC2C70D33600BC9756 /* Table */,
				F7B790F62C6E04A500577852 /* PageVC */,
				F793964E2C6CE366005241DF /* PrivacyInfo.xcprivacy */,
				F793964C2C6CD7DF005241DF /* TabBarController.swift */,
				F722AAB52C6B724D00A52244 /* AppDelegate.swift */,
				F722AAB72C6B724D00A52244 /* SceneDelegate.swift */,
				F722AAB92C6B724D00A52244 /* HomeVC.swift */,
				F70FE7E82C6D3823007E6442 /* SettingsVC.swift */,
				F722AABE2C6B724F00A52244 /* Assets.xcassets */,
				F722AAC02C6B724F00A52244 /* LaunchScreen.storyboard */,
				F722AAC32C6B724F00A52244 /* Info.plist */,
			);
			path = "UIKit ftw";
			sourceTree = "<group>";
		};
		F74AFDCC2C70D33600BC9756 /* Table */ = {
			isa = PBXGroup;
			children = (
				F722AAC92C6B75B800A52244 /* TableVC.swift */,
				F722AACD2C6BE3E900A52244 /* TableViewCell.swift */,
				F74AFDCD2C70D35100BC9756 /* PreviewVC.swift */,
			);
			path = Table;
			sourceTree = "<group>";
		};
		F7B790F62C6E04A500577852 /* PageVC */ = {
			isa = PBXGroup;
			children = (
				F7B790F72C6E04DA00577852 /* PageVC.swift */,
				F7B790F92C6E04FF00577852 /* FirstPageVC.swift */,
				F7B790FB2C6E050C00577852 /* SecondPageVC.swift */,
				F7B790FD2C6E051E00577852 /* ThirdPageVC.swift */,
			);
			path = PageVC;
			sourceTree = "<group>";
		};
/* End PBXGroup section */

/* Begin PBXNativeTarget section */
		F722AAB12C6B724D00A52244 /* UIKit ftw */ = {
			isa = PBXNativeTarget;
			buildConfigurationList = F722AAC62C6B724F00A52244 /* Build configuration list for PBXNativeTarget "UIKit ftw" */;
			buildPhases = (
				F722AAAE2C6B724D00A52244 /* Sources */,
				F722AAAF2C6B724D00A52244 /* Frameworks */,
				F722AAB02C6B724D00A52244 /* Resources */,
			);
			buildRules = (
			);
			dependencies = (
			);
			name = "UIKit ftw";
			productName = "UIKit ftw";
			productReference = F722AAB22C6B724D00A52244 /* UIKit ftw.app */;
			productType = "com.apple.product-type.application";
		};
/* End PBXNativeTarget section */

/* Begin PBXProject section */
		F722AAAA2C6B724D00A52244 /* Project object */ = {
			isa = PBXProject;
			attributes = {
				BuildIndependentTargetsInParallel = 1;
				LastSwiftUpdateCheck = 1540;
				LastUpgradeCheck = 1540;
				TargetAttributes = {
					F722AAB12C6B724D00A52244 = {
						CreatedOnToolsVersion = 15.4;
					};
				};
			};
			buildConfigurationList = F722AAAD2C6B724D00A52244 /* Build configuration list for PBXProject "UIKit ftw" */;
			compatibilityVersion = "Xcode 14.0";
			developmentRegion = en;
			hasScannedForEncodings = 0;
			knownRegions = (
				en,
				Base,
			);
			mainGroup = F722AAA92C6B724D00A52244;
			productRefGroup = F722AAB32C6B724D00A52244 /* Products */;
			projectDirPath = "";
			projectRoot = "";
			targets = (
				F722AAB12C6B724D00A52244 /* UIKit ftw */,
			);
		};
/* End PBXProject section */

/* Begin PBXResourcesBuildPhase section */
		F722AAB02C6B724D00A52244 /* Resources */ = {
			isa = PBXResourcesBuildPhase;
			buildActionMask = 2147483647;
			files = (
				F793964F2C6CE366005241DF /* PrivacyInfo.xcprivacy in Resources */,
				F722AABF2C6B724F00A52244 /* Assets.xcassets in Resources */,
				F722AAC22C6B724F00A52244 /* Base in Resources */,
			);
			runOnlyForDeploymentPostprocessing = 0;
		};
/* End PBXResourcesBuildPhase section */

/* Begin PBXSourcesBuildPhase section */
		F722AAAE2C6B724D00A52244 /* Sources */ = {
			isa = PBXSourcesBuildPhase;
			buildActionMask = 2147483647;
			files = (
				F722AACE2C6BE3E900A52244 /* TableViewCell.swift in Sources */,
				F74AFDCE2C70D35100BC9756 /* PreviewVC.swift in Sources */,
				F722AABA2C6B724D00A52244 /* HomeVC.swift in Sources */,
				F722AACA2C6B75B800A52244 /* TableVC.swift in Sources */,
				F793964D2C6CD7DF005241DF /* TabBarController.swift in Sources */,
				F7B790FE2C6E051E00577852 /* ThirdPageVC.swift in Sources */,
				F70FE7E92C6D3823007E6442 /* SettingsVC.swift in Sources */,
				F7B790FC2C6E050C00577852 /* SecondPageVC.swift in Sources */,
				F7B790FA2C6E04FF00577852 /* FirstPageVC.swift in Sources */,
				F7B790F82C6E04DA00577852 /* PageVC.swift in Sources */,
				F722AAB62C6B724D00A52244 /* AppDelegate.swift in Sources */,
				F722AAB82C6B724D00A52244 /* SceneDelegate.swift in Sources */,
			);
			runOnlyForDeploymentPostprocessing = 0;
		};
/* End PBXSourcesBuildPhase section */

/* Begin PBXVariantGroup section */
		F722AAC02C6B724F00A52244 /* LaunchScreen.storyboard */ = {
			isa = PBXVariantGroup;
			children = (
				F722AAC12C6B724F00A52244 /* Base */,
			);
			name = LaunchScreen.storyboard;
			sourceTree = "<group>";
		};
/* End PBXVariantGroup section */

/* Begin XCBuildConfiguration section */
		F722AAC42C6B724F00A52244 /* Debug */ = {
			isa = XCBuildConfiguration;
			buildSettings = {
				ALWAYS_SEARCH_USER_PATHS = NO;
				ASSETCATALOG_COMPILER_GENERATE_SWIFT_ASSET_SYMBOL_EXTENSIONS = YES;
				CLANG_ANALYZER_NONNULL = YES;
				CLANG_ANALYZER_NUMBER_OBJECT_CONVERSION = YES_AGGRESSIVE;
				CLANG_CXX_LANGUAGE_STANDARD = "gnu++20";
				CLANG_ENABLE_MODULES = YES;
				CLANG_ENABLE_OBJC_ARC = YES;
				CLANG_ENABLE_OBJC_WEAK = YES;
				CLANG_WARN_BLOCK_CAPTURE_AUTORELEASING = YES;
				CLANG_WARN_BOOL_CONVERSION = YES;
				CLANG_WARN_COMMA = YES;
				CLANG_WARN_CONSTANT_CONVERSION = YES;
				CLANG_WARN_DEPRECATED_OBJC_IMPLEMENTATIONS = YES;
				CLANG_WARN_DIRECT_OBJC_ISA_USAGE = YES_ERROR;
				CLANG_WARN_DOCUMENTATION_COMMENTS = YES;
				CLANG_WARN_EMPTY_BODY = YES;
				CLANG_WARN_ENUM_CONVERSION = YES;
				CLANG_WARN_INFINITE_RECURSION = YES;
				CLANG_WARN_INT_CONVERSION = YES;
				CLANG_WARN_NON_LITERAL_NULL_CONVERSION = YES;
				CLANG_WARN_OBJC_IMPLICIT_RETAIN_SELF = YES;
				CLANG_WARN_OBJC_LITERAL_CONVERSION = YES;
				CLANG_WARN_OBJC_ROOT_CLASS = YES_ERROR;
				CLANG_WARN_QUOTED_INCLUDE_IN_FRAMEWORK_HEADER = YES;
				CLANG_WARN_RANGE_LOOP_ANALYSIS = YES;
				CLANG_WARN_STRICT_PROTOTYPES = YES;
				CLANG_WARN_SUSPICIOUS_MOVE = YES;
				CLANG_WARN_UNGUARDED_AVAILABILITY = YES_AGGRESSIVE;
				CLANG_WARN_UNREACHABLE_CODE = YES;
				CLANG_WARN__DUPLICATE_METHOD_MATCH = YES;
				COPY_PHASE_STRIP = NO;
				DEBUG_INFORMATION_FORMAT = dwarf;
				ENABLE_STRICT_OBJC_MSGSEND = YES;
				ENABLE_TESTABILITY = YES;
				ENABLE_USER_SCRIPT_SANDBOXING = YES;
				GCC_C_LANGUAGE_STANDARD = gnu17;
				GCC_DYNAMIC_NO_PIC = NO;
				GCC_NO_COMMON_BLOCKS = YES;
				GCC_OPTIMIZATION_LEVEL = 0;
				GCC_PREPROCESSOR_DEFINITIONS = (
					"DEBUG=1",
					"$(inherited)",
				);
				GCC_WARN_64_TO_32_BIT_CONVERSION = YES;
				GCC_WARN_ABOUT_RETURN_TYPE = YES_ERROR;
				GCC_WARN_UNDECLARED_SELECTOR = YES;
				GCC_WARN_UNINITIALIZED_AUTOS = YES_AGGRESSIVE;
				GCC_WARN_UNUSED_FUNCTION = YES;
				GCC_WARN_UNUSED_VARIABLE = YES;
				IPHONEOS_DEPLOYMENT_TARGET = 17.5;
				LOCALIZATION_PREFERS_STRING_CATALOGS = YES;
				MTL_ENABLE_DEBUG_INFO = INCLUDE_SOURCE;
				MTL_FAST_MATH = YES;
				ONLY_ACTIVE_ARCH = YES;
				SDKROOT = iphoneos;
				SWIFT_ACTIVE_COMPILATION_CONDITIONS = "DEBUG $(inherited)";
				SWIFT_OPTIMIZATION_LEVEL = "-Onone";
			};
			name = Debug;
		};
		F722AAC52C6B724F00A52244 /* Release */ = {
			isa = XCBuildConfiguration;
			buildSettings = {
				ALWAYS_SEARCH_USER_PATHS = NO;
				ASSETCATALOG_COMPILER_GENERATE_SWIFT_ASSET_SYMBOL_EXTENSIONS = YES;
				CLANG_ANALYZER_NONNULL = YES;
				CLANG_ANALYZER_NUMBER_OBJECT_CONVERSION = YES_AGGRESSIVE;
				CLANG_CXX_LANGUAGE_STANDARD = "gnu++20";
				CLANG_ENABLE_MODULES = YES;
				CLANG_ENABLE_OBJC_ARC = YES;
				CLANG_ENABLE_OBJC_WEAK = YES;
				CLANG_WARN_BLOCK_CAPTURE_AUTORELEASING = YES;
				CLANG_WARN_BOOL_CONVERSION = YES;
				CLANG_WARN_COMMA = YES;
				CLANG_WARN_CONSTANT_CONVERSION = YES;
				CLANG_WARN_DEPRECATED_OBJC_IMPLEMENTATIONS = YES;
				CLANG_WARN_DIRECT_OBJC_ISA_USAGE = YES_ERROR;
				CLANG_WARN_DOCUMENTATION_COMMENTS = YES;
				CLANG_WARN_EMPTY_BODY = YES;
				CLANG_WARN_ENUM_CONVERSION = YES;
				CLANG_WARN_INFINITE_RECURSION = YES;
				CLANG_WARN_INT_CONVERSION = YES;
				CLANG_WARN_NON_LITERAL_NULL_CONVERSION = YES;
				CLANG_WARN_OBJC_IMPLICIT_RETAIN_SELF = YES;
				CLANG_WARN_OBJC_LITERAL_CONVERSION = YES;
				CLANG_WARN_OBJC_ROOT_CLASS = YES_ERROR;
				CLANG_WARN_QUOTED_INCLUDE_IN_FRAMEWORK_HEADER = YES;
				CLANG_WARN_RANGE_LOOP_ANALYSIS = YES;
				CLANG_WARN_STRICT_PROTOTYPES = YES;
				CLANG_WARN_SUSPICIOUS_MOVE = YES;
				CLANG_WARN_UNGUARDED_AVAILABILITY = YES_AGGRESSIVE;
				CLANG_WARN_UNREACHABLE_CODE = YES;
				CLANG_WARN__DUPLICATE_METHOD_MATCH = YES;
				COPY_PHASE_STRIP = NO;
				DEBUG_INFORMATION_FORMAT = "dwarf-with-dsym";
				ENABLE_NS_ASSERTIONS = NO;
				ENABLE_STRICT_OBJC_MSGSEND = YES;
				ENABLE_USER_SCRIPT_SANDBOXING = YES;
				GCC_C_LANGUAGE_STANDARD = gnu17;
				GCC_NO_COMMON_BLOCKS = YES;
				GCC_WARN_64_TO_32_BIT_CONVERSION = YES;
				GCC_WARN_ABOUT_RETURN_TYPE = YES_ERROR;
				GCC_WARN_UNDECLARED_SELECTOR = YES;
				GCC_WARN_UNINITIALIZED_AUTOS = YES_AGGRESSIVE;
				GCC_WARN_UNUSED_FUNCTION = YES;
				GCC_WARN_UNUSED_VARIABLE = YES;
				IPHONEOS_DEPLOYMENT_TARGET = 17.5;
				LOCALIZATION_PREFERS_STRING_CATALOGS = YES;
				MTL_ENABLE_DEBUG_INFO = NO;
				MTL_FAST_MATH = YES;
				SDKROOT = iphoneos;
				SWIFT_COMPILATION_MODE = wholemodule;
				VALIDATE_PRODUCT = YES;
			};
			name = Release;
		};
		F722AAC72C6B724F00A52244 /* Debug */ = {
			isa = XCBuildConfiguration;
			buildSettings = {
				ASSETCATALOG_COMPILER_APPICON_NAME = AppIcon;
				ASSETCATALOG_COMPILER_GLOBAL_ACCENT_COLOR_NAME = AccentColor;
				CODE_SIGN_STYLE = Automatic;
				CURRENT_PROJECT_VERSION = 1;
				DEVELOPMENT_TEAM = 9P3SFAC639;
				GENERATE_INFOPLIST_FILE = YES;
				INFOPLIST_FILE = "UIKit ftw/Info.plist";
				INFOPLIST_KEY_UIApplicationSupportsIndirectInputEvents = YES;
				INFOPLIST_KEY_UILaunchStoryboardName = LaunchScreen;
				INFOPLIST_KEY_UISupportedInterfaceOrientations = UIInterfaceOrientationPortrait;
				INFOPLIST_KEY_UISupportedInterfaceOrientations_iPad = "UIInterfaceOrientationLandscapeLeft UIInterfaceOrientationLandscapeRight UIInterfaceOrientationPortrait UIInterfaceOrientationPortraitUpsideDown";
				LD_RUNPATH_SEARCH_PATHS = (
					"$(inherited)",
					"@executable_path/Frameworks",
				);
				MARKETING_VERSION = 1.0;
				PRODUCT_BUNDLE_IDENTIFIER = "de.makapre.UIKit-ftw";
				PRODUCT_NAME = "$(TARGET_NAME)";
				SUPPORTED_PLATFORMS = "iphoneos iphonesimulator";
				SUPPORTS_MACCATALYST = NO;
				SUPPORTS_MAC_DESIGNED_FOR_IPHONE_IPAD = NO;
				SUPPORTS_XR_DESIGNED_FOR_IPHONE_IPAD = NO;
				SWIFT_EMIT_LOC_STRINGS = YES;
				SWIFT_VERSION = 5.0;
				TARGETED_DEVICE_FAMILY = 1;
			};
			name = Debug;
		};
		F722AAC82C6B724F00A52244 /* Release */ = {
			isa = XCBuildConfiguration;
			buildSettings = {
				ASSETCATALOG_COMPILER_APPICON_NAME = AppIcon;
				ASSETCATALOG_COMPILER_GLOBAL_ACCENT_COLOR_NAME = AccentColor;
				CODE_SIGN_STYLE = Automatic;
				CURRENT_PROJECT_VERSION = 1;
				DEVELOPMENT_TEAM = 9P3SFAC639;
				GENERATE_INFOPLIST_FILE = YES;
				INFOPLIST_FILE = "UIKit ftw/Info.plist";
				INFOPLIST_KEY_UIApplicationSupportsIndirectInputEvents = YES;
				INFOPLIST_KEY_UILaunchStoryboardName = LaunchScreen;
				INFOPLIST_KEY_UISupportedInterfaceOrientations = UIInterfaceOrientationPortrait;
				INFOPLIST_KEY_UISupportedInterfaceOrientations_iPad = "UIInterfaceOrientationLandscapeLeft UIInterfaceOrientationLandscapeRight UIInterfaceOrientationPortrait UIInterfaceOrientationPortraitUpsideDown";
				LD_RUNPATH_SEARCH_PATHS = (
					"$(inherited)",
					"@executable_path/Frameworks",
				);
				MARKETING_VERSION = 1.0;
				PRODUCT_BUNDLE_IDENTIFIER = "de.makapre.UIKit-ftw";
				PRODUCT_NAME = "$(TARGET_NAME)";
				SUPPORTED_PLATFORMS = "iphoneos iphonesimulator";
				SUPPORTS_MACCATALYST = NO;
				SUPPORTS_MAC_DESIGNED_FOR_IPHONE_IPAD = NO;
				SUPPORTS_XR_DESIGNED_FOR_IPHONE_IPAD = NO;
				SWIFT_EMIT_LOC_STRINGS = YES;
				SWIFT_VERSION = 5.0;
				TARGETED_DEVICE_FAMILY = 1;
			};
			name = Release;
		};
/* End XCBuildConfiguration section */

/* Begin XCConfigurationList section */
		F722AAAD2C6B724D00A52244 /* Build configuration list for PBXProject "UIKit ftw" */ = {
			isa = XCConfigurationList;
			buildConfigurations = (
				F722AAC42C6B724F00A52244 /* Debug */,
				F722AAC52C6B724F00A52244 /* Release */,
			);
			defaultConfigurationIsVisible = 0;
			defaultConfigurationName = Release;
		};
		F722AAC62C6B724F00A52244 /* Build configuration list for PBXNativeTarget "UIKit ftw" */ = {
			isa = XCConfigurationList;
			buildConfigurations = (
				F722AAC72C6B724F00A52244 /* Debug */,
				F722AAC82C6B724F00A52244 /* Release */,
			);
			defaultConfigurationIsVisible = 0;
			defaultConfigurationName = Release;
		};
/* End XCConfigurationList section */
	};
	rootObject = F722AAAA2C6B724D00A52244 /* Project object */;
}
